
Microsoft Visual Studio Solution File, Format Version 12.00
# Visual Studio Version 17
VisualStudioVersion = 17.14.36221.1
MinimumVisualStudioVersion = 10.0.40219.1
Project("{FAE04EC0-301F-11D3-BF4B-00C04F79EFBC}") = "MySampleApp.Api", "MySampleApp.Api\MySampleApp.Api.csproj", "{82E0B2F5-DC12-4407-AE42-DC9180AF96CE}"
EndProject
Project("{FAE04EC0-301F-11D3-BF4B-00C04F79EFBC}") = "MySampleApp.Infrastructure", "MySampleApp.Infrastructure\MySampleApp.Infrastructure.csproj", "{5F6C3769-2C87-4800-8F62-4F6C2D7F64CD}"
EndProject
Project("{FAE04EC0-301F-11D3-BF4B-00C04F79EFBC}") = "MySampleApp.Application", "MySampleApp.Application\MySampleApp.Application.csproj", "{3E2FFA3B-923F-419C-92F9-B59C9AAD0331}"
EndProject
Project("{FAE04EC0-301F-11D3-BF4B-00C04F79EFBC}") = "MySampleApp.Domain", "MySampleApp.Domain\MySampleApp.Domain.csproj", "{E10DE64F-CCAE-4273-93B5-C8AA93C6C033}"
EndProject
Project("{FAE04EC0-301F-11D3-BF4B-00C04F79EFBC}") = "MySampleApp.UnitTest", "MySampleApp.UnitTest\MySampleApp.UnitTest.csproj", "{6ABAA2D8-7A57-4112-8366-9AD29D9ABC53}"
EndProject
Global
	GlobalSection(SolutionConfigurationPlatforms) = preSolution
		Debug|Any CPU = Debug|Any CPU
		Release|Any CPU = Release|Any CPU
	EndGlobalSection
	GlobalSection(ProjectConfigurationPlatforms) = postSolution
		{82E0B2F5-DC12-4407-AE42-DC9180AF96CE}.Debug|Any CPU.ActiveCfg = Debug|Any CPU
		{82E0B2F5-DC12-4407-AE42-DC9180AF96CE}.Debug|Any CPU.Build.0 = Debug|Any CPU
		{82E0B2F5-DC12-4407-AE42-DC9180AF96CE}.Release|Any CPU.ActiveCfg = Release|Any CPU
		{82E0B2F5-DC12-4407-AE42-DC9180AF96CE}.Release|Any CPU.Build.0 = Release|Any CPU
		{5F6C3769-2C87-4800-8F62-4F6C2D7F64CD}.Debug|Any CPU.ActiveCfg = Debug|Any CPU
		{5F6C3769-2C87-4800-8F62-4F6C2D7F64CD}.Debug|Any CPU.Build.0 = Debug|Any CPU
		{5F6C3769-2C87-4800-8F62-4F6C2D7F64CD}.Release|Any CPU.ActiveCfg = Release|Any CPU
		{5F6C3769-2C87-4800-8F62-4F6C2D7F64CD}.Release|Any CPU.Build.0 = Release|Any CPU
		{3E2FFA3B-923F-419C-92F9-B59C9AAD0331}.Debug|Any CPU.ActiveCfg = Debug|Any CPU
		{3E2FFA3B-923F-419C-92F9-B59C9AAD0331}.Debug|Any CPU.Build.0 = Debug|Any CPU
		{3E2FFA3B-923F-419C-92F9-B59C9AAD0331}.Release|Any CPU.ActiveCfg = Release|Any CPU
		{3E2FFA3B-923F-419C-92F9-B59C9AAD0331}.Release|Any CPU.Build.0 = Release|Any CPU
		{E10DE64F-CCAE-4273-93B5-C8AA93C6C033}.Debug|Any CPU.ActiveCfg = Debug|Any CPU
		{E10DE64F-CCAE-4273-93B5-C8AA93C6C033}.Debug|Any CPU.Build.0 = Debug|Any CPU
		{E10DE64F-CCAE-4273-93B5-C8AA93C6C033}.Release|Any CPU.ActiveCfg = Release|Any CPU
		{E10DE64F-CCAE-4273-93B5-C8AA93C6C033}.Release|Any CPU.Build.0 = Release|Any CPU
		{6ABAA2D8-7A57-4112-8366-9AD29D9ABC53}.Debug|Any CPU.ActiveCfg = Debug|Any CPU
		{6ABAA2D8-7A57-4112-8366-9AD29D9ABC53}.Debug|Any CPU.Build.0 = Debug|Any CPU
		{6ABAA2D8-7A57-4112-8366-9AD29D9ABC53}.Release|Any CPU.ActiveCfg = Release|Any CPU
		{6ABAA2D8-7A57-4112-8366-9AD29D9ABC53}.Release|Any CPU.Build.0 = Release|Any CPU
	EndGlobalSection
	GlobalSection(SolutionProperties) = preSolution
		HideSolutionNode = FALSE
	EndGlobalSection
	GlobalSection(ExtensibilityGlobals) = postSolution
		SolutionGuid = {5542A727-DA5C-4E46-BA9D-7FD92E6CFB08}
	EndGlobalSection
EndGlobal
